// !$*UTF8*$!
{
	archiveVersion = 1;
	classes = {
	};
	objectVersion = 56;
	objects = {

/* Begin PBXBuildFile section */
		158F1E482A849D93004EFF9D /* MyViewController.swift in Sources */ = {isa = PBXBuildFile; fileRef = 158F1E472A849D93004EFF9D /* MyViewController.swift */; };
		15B139262A7ED2910042A026 /* AppDelegate.swift in Sources */ = {isa = PBXBuildFile; fileRef = 15B139252A7ED2910042A026 /* AppDelegate.swift */; };
		15B139282A7ED2910042A026 /* SceneDelegate.swift in Sources */ = {isa = PBXBuildFile; fileRef = 15B139272A7ED2910042A026 /* SceneDelegate.swift */; };
		15B1392D2A7ED2910042A026 /* Main.storyboard in Resources */ = {isa = PBXBuildFile; fileRef = 15B1392B2A7ED2910042A026 /* Main.storyboard */; };
		15B1392F2A7ED29D0042A026 /* Assets.xcassets in Resources */ = {isa = PBXBuildFile; fileRef = 15B1392E2A7ED29D0042A026 /* Assets.xcassets */; };
		15B139322A7ED29D0042A026 /* LaunchScreen.storyboard in Resources */ = {isa = PBXBuildFile; fileRef = 15B139302A7ED29D0042A026 /* LaunchScreen.storyboard */; };
		15B1393D2A7ED3C10042A026 /* pokemon.swift in Sources */ = {isa = PBXBuildFile; fileRef = 15B1393C2A7ED3C10042A026 /* pokemon.swift */; };
		15B1393F2A7ED53F0042A026 /* PokemonDataManager.swift in Sources */ = {isa = PBXBuildFile; fileRef = 15B1393E2A7ED53F0042A026 /* PokemonDataManager.swift */; };
		15B139412A7EDA230042A026 /* PokemonViewController.swift in Sources */ = {isa = PBXBuildFile; fileRef = 15B139402A7EDA230042A026 /* PokemonViewController.swift */; };
		15B139432A7EE5BF0042A026 /* PokemonCell.swift in Sources */ = {isa = PBXBuildFile; fileRef = 15B139422A7EE5BF0042A026 /* PokemonCell.swift */; };
		15B139452A7EEE220042A026 /* PokemonDetailController.swift in Sources */ = {isa = PBXBuildFile; fileRef = 15B139442A7EEE220042A026 /* PokemonDetailController.swift */; };
/* End PBXBuildFile section */

/* Begin PBXFileReference section */
		158F1E472A849D93004EFF9D /* MyViewController.swift */ = {isa = PBXFileReference; lastKnownFileType = sourcecode.swift; path = MyViewController.swift; sourceTree = "<group>"; };
		15B139222A7ED2910042A026 /* MVC.app */ = {isa = PBXFileReference; explicitFileType = wrapper.application; includeInIndex = 0; path = MVC.app; sourceTree = BUILT_PRODUCTS_DIR; };
		15B139252A7ED2910042A026 /* AppDelegate.swift */ = {isa = PBXFileReference; lastKnownFileType = sourcecode.swift; path = AppDelegate.swift; sourceTree = "<group>"; };
		15B139272A7ED2910042A026 /* SceneDelegate.swift */ = {isa = PBXFileReference; lastKnownFileType = sourcecode.swift; path = SceneDelegate.swift; sourceTree = "<group>"; };
		15B1392C2A7ED2910042A026 /* Base */ = {isa = PBXFileReference; lastKnownFileType = file.storyboard; name = Base; path = Base.lproj/Main.storyboard; sourceTree = "<group>"; };
		15B1392E2A7ED29D0042A026 /* Assets.xcassets */ = {isa = PBXFileReference; lastKnownFileType = folder.assetcatalog; path = Assets.xcassets; sourceTree = "<group>"; };
		15B139312A7ED29D0042A026 /* Base */ = {isa = PBXFileReference; lastKnownFileType = file.storyboard; name = Base; path = Base.lproj/LaunchScreen.storyboard; sourceTree = "<group>"; };
		15B139332A7ED29D0042A026 /* Info.plist */ = {isa = PBXFileReference; lastKnownFileType = text.plist.xml; path = Info.plist; sourceTree = "<group>"; };
		15B1393C2A7ED3C10042A026 /* pokemon.swift */ = {isa = PBXFileReference; lastKnownFileType = sourcecode.swift; path = pokemon.swift; sourceTree = "<group>"; };
		15B1393E2A7ED53F0042A026 /* PokemonDataManager.swift */ = {isa = PBXFileReference; lastKnownFileType = sourcecode.swift; path = PokemonDataManager.swift; sourceTree = "<group>"; };
		15B139402A7EDA230042A026 /* PokemonViewController.swift */ = {isa = PBXFileReference; lastKnownFileType = sourcecode.swift; path = PokemonViewController.swift; sourceTree = "<group>"; };
		15B139422A7EE5BF0042A026 /* PokemonCell.swift */ = {isa = PBXFileReference; lastKnownFileType = sourcecode.swift; path = PokemonCell.swift; sourceTree = "<group>"; };
		15B139442A7EEE220042A026 /* PokemonDetailController.swift */ = {isa = PBXFileReference; lastKnownFileType = sourcecode.swift; path = PokemonDetailController.swift; sourceTree = "<group>"; };
/* End PBXFileReference section */

/* Begin PBXFrameworksBuildPhase section */
		15B1391F2A7ED2910042A026 /* Frameworks */ = {
			isa = PBXFrameworksBuildPhase;
			buildActionMask = 2147483647;
			files = (
			);
			runOnlyForDeploymentPostprocessing = 0;
		};
/* End PBXFrameworksBuildPhase section */

/* Begin PBXGroup section */
		15B139192A7ED2910042A026 = {
			isa = PBXGroup;
			children = (
				158F1E472A849D93004EFF9D /* MyViewController.swift */,
				15B139242A7ED2910042A026 /* MVC */,
				15B139232A7ED2910042A026 /* Products */,
			);
			sourceTree = "<group>";
		};
		15B139232A7ED2910042A026 /* Products */ = {
			isa = PBXGroup;
			children = (
				15B139222A7ED2910042A026 /* MVC.app */,
			);
			name = Products;
			sourceTree = "<group>";
		};
		15B139242A7ED2910042A026 /* MVC */ = {
			isa = PBXGroup;
			children = (
				15B1393B2A7ED3A10042A026 /* Controller */,
				15B1393A2A7ED3900042A026 /* Model */,
				15B139392A7ED3790042A026 /* View */,
				15B139252A7ED2910042A026 /* AppDelegate.swift */,
				15B139272A7ED2910042A026 /* SceneDelegate.swift */,
				15B1392B2A7ED2910042A026 /* Main.storyboard */,
				15B1392E2A7ED29D0042A026 /* Assets.xcassets */,
				15B139302A7ED29D0042A026 /* LaunchScreen.storyboard */,
				15B139332A7ED29D0042A026 /* Info.plist */,
			);
			path = MVC;
			sourceTree = "<group>";
		};
		15B139392A7ED3790042A026 /* View */ = {
			isa = PBXGroup;
			children = (
				15B139422A7EE5BF0042A026 /* PokemonCell.swift */,
			);
			path = View;
			sourceTree = "<group>";
		};
		15B1393A2A7ED3900042A026 /* Model */ = {
			isa = PBXGroup;
			children = (
				15B1393C2A7ED3C10042A026 /* pokemon.swift */,
				15B1393E2A7ED53F0042A026 /* PokemonDataManager.swift */,
			);
			path = Model;
			sourceTree = "<group>";
		};
		15B1393B2A7ED3A10042A026 /* Controller */ = {
			isa = PBXGroup;
			children = (
				15B139402A7EDA230042A026 /* PokemonViewController.swift */,
				15B139442A7EEE220042A026 /* PokemonDetailController.swift */,
			);
			path = Controller;
			sourceTree = "<group>";
		};
/* End PBXGroup section */

/* Begin PBXNativeTarget section */
		15B139212A7ED2910042A026 /* MVC */ = {
			isa = PBXNativeTarget;
			buildConfigurationList = 15B139362A7ED29D0042A026 /* Build configuration list for PBXNativeTarget "MVC" */;
			buildPhases = (
				15B1391E2A7ED2910042A026 /* Sources */,
				15B1391F2A7ED2910042A026 /* Frameworks */,
				15B139202A7ED2910042A026 /* Resources */,
			);
			buildRules = (
			);
			dependencies = (
			);
			name = MVC;
			productName = MVC;
			productReference = 15B139222A7ED2910042A026 /* MVC.app */;
			productType = "com.apple.product-type.application";
		};
/* End PBXNativeTarget section */

/* Begin PBXProject section */
		15B1391A2A7ED2910042A026 /* Project object */ = {
			isa = PBXProject;
			attributes = {
				BuildIndependentTargetsInParallel = 1;
				LastSwiftUpdateCheck = 1400;
				LastUpgradeCheck = 1400;
				TargetAttributes = {
					15B139212A7ED2910042A026 = {
						CreatedOnToolsVersion = 14.0;
					};
				};
			};
			buildConfigurationList = 15B1391D2A7ED2910042A026 /* Build configuration list for PBXProject "MVC" */;
			compatibilityVersion = "Xcode 14.0";
			developmentRegion = en;
			hasScannedForEncodings = 0;
			knownRegions = (
				en,
				Base,
			);
			mainGroup = 15B139192A7ED2910042A026;
			productRefGroup = 15B139232A7ED2910042A026 /* Products */;
			projectDirPath = "";
			projectRoot = "";
			targets = (
				15B139212A7ED2910042A026 /* MVC */,
			);
		};
/* End PBXProject section */

/* Begin PBXResourcesBuildPhase section */
		15B139202A7ED2910042A026 /* Resources */ = {
			isa = PBXResourcesBuildPhase;
			buildActionMask = 2147483647;
			files = (
				15B139322A7ED29D0042A026 /* LaunchScreen.storyboard in Resources */,
				15B1392F2A7ED29D0042A026 /* Assets.xcassets in Resources */,
				15B1392D2A7ED2910042A026 /* Main.storyboard in Resources */,
			);
			runOnlyForDeploymentPostprocessing = 0;
		};
/* End PBXResourcesBuildPhase section */

/* Begin PBXSourcesBuildPhase section */
		15B1391E2A7ED2910042A026 /* Sources */ = {
			isa = PBXSourcesBuildPhase;
			buildActionMask = 2147483647;
			files = (
				15B139452A7EEE220042A026 /* PokemonDetailController.swift in Sources */,
				15B1393D2A7ED3C10042A026 /* pokemon.swift in Sources */,
				15B139412A7EDA230042A026 /* PokemonViewController.swift in Sources */,
				15B139262A7ED2910042A026 /* AppDelegate.swift in Sources */,
				15B1393F2A7ED53F0042A026 /* PokemonDataManager.swift in Sources */,
				15B139432A7EE5BF0042A026 /* PokemonCell.swift in Sources */,
				158F1E482A849D93004EFF9D /* MyViewController.swift in Sources */,
				15B139282A7ED2910042A026 /* SceneDelegate.swift in Sources */,
			);
			runOnlyForDeploymentPostprocessing = 0;
		};
/* End PBXSourcesBuildPhase section */

/* Begin PBXVariantGroup section */
		15B1392B2A7ED2910042A026 /* Main.storyboard */ = {
			isa = PBXVariantGroup;
			children = (
				15B1392C2A7ED2910042A026 /* Base */,
			);
			name = Main.storyboard;
			sourceTree = "<group>";
		};
		15B139302A7ED29D0042A026 /* LaunchScreen.storyboard */ = {
			isa = PBXVariantGroup;
			children = (
				15B139312A7ED29D0042A026 /* Base */,
			);
			name = LaunchScreen.storyboard;
			sourceTree = "<group>";
		};
/* End PBXVariantGroup section */

/* Begin XCBuildConfiguration section */
		15B139342A7ED29D0042A026 /* Debug */ = {
			isa = XCBuildConfiguration;
			buildSettings = {
				ALWAYS_SEARCH_USER_PATHS = NO;
				CLANG_ANALYZER_NONNULL = YES;
				CLANG_ANALYZER_NUMBER_OBJECT_CONVERSION = YES_AGGRESSIVE;
				CLANG_CXX_LANGUAGE_STANDARD = "gnu++20";
				CLANG_ENABLE_MODULES = YES;
				CLANG_ENABLE_OBJC_ARC = YES;
				CLANG_ENABLE_OBJC_WEAK = YES;
				CLANG_WARN_BLOCK_CAPTURE_AUTORELEASING = YES;
				CLANG_WARN_BOOL_CONVERSION = YES;
				CLANG_WARN_COMMA = YES;
				CLANG_WARN_CONSTANT_CONVERSION = YES;
				CLANG_WARN_DEPRECATED_OBJC_IMPLEMENTATIONS = YES;
				CLANG_WARN_DIRECT_OBJC_ISA_USAGE = YES_ERROR;
				CLANG_WARN_DOCUMENTATION_COMMENTS = YES;
				CLANG_WARN_EMPTY_BODY = YES;
				CLANG_WARN_ENUM_CONVERSION = YES;
				CLANG_WARN_INFINITE_RECURSION = YES;
				CLANG_WARN_INT_CONVERSION = YES;
				CLANG_WARN_NON_LITERAL_NULL_CONVERSION = YES;
				CLANG_WARN_OBJC_IMPLICIT_RETAIN_SELF = YES;
				CLANG_WARN_OBJC_LITERAL_CONVERSION = YES;
				CLANG_WARN_OBJC_ROOT_CLASS = YES_ERROR;
				CLANG_WARN_QUOTED_INCLUDE_IN_FRAMEWORK_HEADER = YES;
				CLANG_WARN_RANGE_LOOP_ANALYSIS = YES;
				CLANG_WARN_STRICT_PROTOTYPES = YES;
				CLANG_WARN_SUSPICIOUS_MOVE = YES;
				CLANG_WARN_UNGUARDED_AVAILABILITY = YES_AGGRESSIVE;
				CLANG_WARN_UNREACHABLE_CODE = YES;
				CLANG_WARN__DUPLICATE_METHOD_MATCH = YES;
				COPY_PHASE_STRIP = NO;
				DEBUG_INFORMATION_FORMAT = dwarf;
				ENABLE_STRICT_OBJC_MSGSEND = YES;
				ENABLE_TESTABILITY = YES;
				GCC_C_LANGUAGE_STANDARD = gnu11;
				GCC_DYNAMIC_NO_PIC = NO;
				GCC_NO_COMMON_BLOCKS = YES;
				GCC_OPTIMIZATION_LEVEL = 0;
				GCC_PREPROCESSOR_DEFINITIONS = (
					"DEBUG=1",
					"$(inherited)",
				);
				GCC_WARN_64_TO_32_BIT_CONVERSION = YES;
				GCC_WARN_ABOUT_RETURN_TYPE = YES_ERROR;
				GCC_WARN_UNDECLARED_SELECTOR = YES;
				GCC_WARN_UNINITIALIZED_AUTOS = YES_AGGRESSIVE;
				GCC_WARN_UNUSED_FUNCTION = YES;
				GCC_WARN_UNUSED_VARIABLE = YES;
				IPHONEOS_DEPLOYMENT_TARGET = 16.0;
				MTL_ENABLE_DEBUG_INFO = INCLUDE_SOURCE;
				MTL_FAST_MATH = YES;
				ONLY_ACTIVE_ARCH = YES;
				SDKROOT = iphoneos;
				SWIFT_ACTIVE_COMPILATION_CONDITIONS = DEBUG;
				SWIFT_OPTIMIZATION_LEVEL = "-Onone";
			};
			name = Debug;
		};
		15B139352A7ED29D0042A026 /* Release */ = {
			isa = XCBuildConfiguration;
			buildSettings = {
				ALWAYS_SEARCH_USER_PATHS = NO;
				CLANG_ANALYZER_NONNULL = YES;
				CLANG_ANALYZER_NUMBER_OBJECT_CONVERSION = YES_AGGRESSIVE;
				CLANG_CXX_LANGUAGE_STANDARD = "gnu++20";
				CLANG_ENABLE_MODULES = YES;
				CLANG_ENABLE_OBJC_ARC = YES;
				CLANG_ENABLE_OBJC_WEAK = YES;
				CLANG_WARN_BLOCK_CAPTURE_AUTORELEASING = YES;
				CLANG_WARN_BOOL_CONVERSION = YES;
				CLANG_WARN_COMMA = YES;
				CLANG_WARN_CONSTANT_CONVERSION = YES;
				CLANG_WARN_DEPRECATED_OBJC_IMPLEMENTATIONS = YES;
				CLANG_WARN_DIRECT_OBJC_ISA_USAGE = YES_ERROR;
				CLANG_WARN_DOCUMENTATION_COMMENTS = YES;
				CLANG_WARN_EMPTY_BODY = YES;
				CLANG_WARN_ENUM_CONVERSION = YES;
				CLANG_WARN_INFINITE_RECURSION = YES;
				CLANG_WARN_INT_CONVERSION = YES;
				CLANG_WARN_NON_LITERAL_NULL_CONVERSION = YES;
				CLANG_WARN_OBJC_IMPLICIT_RETAIN_SELF = YES;
				CLANG_WARN_OBJC_LITERAL_CONVERSION = YES;
				CLANG_WARN_OBJC_ROOT_CLASS = YES_ERROR;
				CLANG_WARN_QUOTED_INCLUDE_IN_FRAMEWORK_HEADER = YES;
				CLANG_WARN_RANGE_LOOP_ANALYSIS = YES;
				CLANG_WARN_STRICT_PROTOTYPES = YES;
				CLANG_WARN_SUSPICIOUS_MOVE = YES;
				CLANG_WARN_UNGUARDED_AVAILABILITY = YES_AGGRESSIVE;
				CLANG_WARN_UNREACHABLE_CODE = YES;
				CLANG_WARN__DUPLICATE_METHOD_MATCH = YES;
				COPY_PHASE_STRIP = NO;
				DEBUG_INFORMATION_FORMAT = "dwarf-with-dsym";
				ENABLE_NS_ASSERTIONS = NO;
				ENABLE_STRICT_OBJC_MSGSEND = YES;
				GCC_C_LANGUAGE_STANDARD = gnu11;
				GCC_NO_COMMON_BLOCKS = YES;
				GCC_WARN_64_TO_32_BIT_CONVERSION = YES;
				GCC_WARN_ABOUT_RETURN_TYPE = YES_ERROR;
				GCC_WARN_UNDECLARED_SELECTOR = YES;
				GCC_WARN_UNINITIALIZED_AUTOS = YES_AGGRESSIVE;
				GCC_WARN_UNUSED_FUNCTION = YES;
				GCC_WARN_UNUSED_VARIABLE = YES;
				IPHONEOS_DEPLOYMENT_TARGET = 16.0;
				MTL_ENABLE_DEBUG_INFO = NO;
				MTL_FAST_MATH = YES;
				SDKROOT = iphoneos;
				SWIFT_COMPILATION_MODE = wholemodule;
				SWIFT_OPTIMIZATION_LEVEL = "-O";
				VALIDATE_PRODUCT = YES;
			};
			name = Release;
		};
		15B139372A7ED29D0042A026 /* Debug */ = {
			isa = XCBuildConfiguration;
			buildSettings = {
				ASSETCATALOG_COMPILER_APPICON_NAME = AppIcon;
				ASSETCATALOG_COMPILER_GLOBAL_ACCENT_COLOR_NAME = AccentColor;
				CODE_SIGN_STYLE = Automatic;
				CURRENT_PROJECT_VERSION = 1;
				DEVELOPMENT_TEAM = DQQ45XSS35;
				GENERATE_INFOPLIST_FILE = YES;
				INFOPLIST_FILE = MVC/Info.plist;
				INFOPLIST_KEY_UIApplicationSupportsIndirectInputEvents = YES;
				INFOPLIST_KEY_UILaunchStoryboardName = LaunchScreen;
				INFOPLIST_KEY_UIMainStoryboardFile = Main;
				INFOPLIST_KEY_UISupportedInterfaceOrientations_iPad = "UIInterfaceOrientationPortrait UIInterfaceOrientationPortraitUpsideDown UIInterfaceOrientationLandscapeLeft UIInterfaceOrientationLandscapeRight";
				INFOPLIST_KEY_UISupportedInterfaceOrientations_iPhone = "UIInterfaceOrientationPortrait UIInterfaceOrientationLandscapeLeft UIInterfaceOrientationLandscapeRight";
				IPHONEOS_DEPLOYMENT_TARGET = 15.6;
				LD_RUNPATH_SEARCH_PATHS = (
					"$(inherited)",
					"@executable_path/Frameworks",
				);
				MARKETING_VERSION = 1.0;
				PRODUCT_BUNDLE_IDENTIFIER = fernandoCristobal.MVC;
				PRODUCT_NAME = "$(TARGET_NAME)";
				SUPPORTED_PLATFORMS = "iphoneos iphonesimulator";
				SUPPORTS_MACCATALYST = NO;
				SUPPORTS_MAC_DESIGNED_FOR_IPHONE_IPAD = NO;
				SWIFT_EMIT_LOC_STRINGS = YES;
				SWIFT_VERSION = 5.0;
				TARGETED_DEVICE_FAMILY = "1,2";
			};
			name = Debug;
		};
		15B139382A7ED29D0042A026 /* Release */ = {
			isa = XCBuildConfiguration;
			buildSettings = {
				ASSETCATALOG_COMPILER_APPICON_NAME = AppIcon;
				ASSETCATALOG_COMPILER_GLOBAL_ACCENT_COLOR_NAME = AccentColor;
				CODE_SIGN_STYLE = Automatic;
				CURRENT_PROJECT_VERSION = 1;
				DEVELOPMENT_TEAM = DQQ45XSS35;
				GENERATE_INFOPLIST_FILE = YES;
				INFOPLIST_FILE = MVC/Info.plist;
				INFOPLIST_KEY_UIApplicationSupportsIndirectInputEvents = YES;
				INFOPLIST_KEY_UILaunchStoryboardName = LaunchScreen;
				INFOPLIST_KEY_UIMainStoryboardFile = Main;
				INFOPLIST_KEY_UISupportedInterfaceOrientations_iPad = "UIInterfaceOrientationPortrait UIInterfaceOrientationPortraitUpsideDown UIInterfaceOrientationLandscapeLeft UIInterfaceOrientationLandscapeRight";
				INFOPLIST_KEY_UISupportedInterfaceOrientations_iPhone = "UIInterfaceOrientationPortrait UIInterfaceOrientationLandscapeLeft UIInterfaceOrientationLandscapeRight";
				IPHONEOS_DEPLOYMENT_TARGET = 15.6;
				LD_RUNPATH_SEARCH_PATHS = (
					"$(inherited)",
					"@executable_path/Frameworks",
				);
				MARKETING_VERSION = 1.0;
				PRODUCT_BUNDLE_IDENTIFIER = fernandoCristobal.MVC;
				PRODUCT_NAME = "$(TARGET_NAME)";
				SUPPORTED_PLATFORMS = "iphoneos iphonesimulator";
				SUPPORTS_MACCATALYST = NO;
				SUPPORTS_MAC_DESIGNED_FOR_IPHONE_IPAD = NO;
				SWIFT_EMIT_LOC_STRINGS = YES;
				SWIFT_VERSION = 5.0;
				TARGETED_DEVICE_FAMILY = "1,2";
			};
			name = Release;
		};
/* End XCBuildConfiguration section */

/* Begin XCConfigurationList section */
		15B1391D2A7ED2910042A026 /* Build configuration list for PBXProject "MVC" */ = {
			isa = XCConfigurationList;
			buildConfigurations = (
				15B139342A7ED29D0042A026 /* Debug */,
				15B139352A7ED29D0042A026 /* Release */,
			);
			defaultConfigurationIsVisible = 0;
			defaultConfigurationName = Release;
		};
		15B139362A7ED29D0042A026 /* Build configuration list for PBXNativeTarget "MVC" */ = {
			isa = XCConfigurationList;
			buildConfigurations = (
				15B139372A7ED29D0042A026 /* Debug */,
				15B139382A7ED29D0042A026 /* Release */,
			);
			defaultConfigurationIsVisible = 0;
			defaultConfigurationName = Release;
		};
/* End XCConfigurationList section */
	};
	rootObject = 15B1391A2A7ED2910042A026 /* Project object */;
}
